lockfileVersion: '6.0'

settings:
  autoInstallPeers: true
  excludeLinksFromLockfile: false

dependencies:
  typesense-docsearch-css:
    specifier: 0.4.1
    version: 0.4.1

packages:

  /typesense-docsearch-css@0.4.1:
    resolution: {integrity: sha512-mN8K18pfIpCrhzsMAJBzoS7l/YDcC4P3f9vsScenUceXmC8n3FCPldmF10dKDJmK3Lr7aAScQt70jCA5126y2w==}
    dev: false
