lockfileVersion: '6.0'

settings:
  autoInstallPeers: true
  excludeLinksFromLockfile: false

dependencies:
  typesense-docsearch-css:
    specifier: 0.4.0
    version: 0.4.0

packages:

  /typesense-docsearch-css@0.4.0:
    resolution: {integrity: sha512-hVTJC1Rg2BnNB4kl2Qi4GcgjFmPZY8YGu0aJ5V6iM6vK62yvtE7jObnAc1maYOp33NWFVLPgl/9PlBfWBlN0Dw==}
    dev: false
